{
  "requires": true,
  "lockfileVersion": 1,
  "dependencies": {
    "ngx-drag-drop": {
      "version": "2.0.0",
      "resolved": "https://registry.npmjs.org/ngx-drag-drop/-/ngx-drag-drop-2.0.0.tgz",
      "integrity": "sha512-t+4/eiC8zaXKqU1ruNfFEfGs1GpMNwpffD0baopvZFKjQHCb5rhNqFilJ54wO4T0OwGp4/RnsVhlcxe1mX6UJg==",
      "requires": {
        "tslib": "^1.9.0"
      }
    },
    "tslib": {
      "version": "1.14.1",
      "resolved": "https://registry.npmjs.org/tslib/-/tslib-1.14.1.tgz",
      "integrity": "sha512-Xni35NKzjgMrwevysHTCArtLDpPvye8zV/0E4EyYn43P7/7qvQwPh9BGkHewbMulVntbigmcT7rdX3BNo9wRJg=="
    }
  }
}
